{
  "name": "WebBaiGiang_CKC",
  "lockfileVersion": 3,
  "requires": true,
  "packages": {
    "": {
      "dependencies": {
        "angular-ui-notification": "^0.3.6"
      }
    },
    "node_modules/angular-ui-notification": {
      "version": "0.3.6",
      "resolved": "https://registry.npmjs.org/angular-ui-notification/-/angular-ui-notification-0.3.6.tgz",
      "integrity": "sha512-Ki6MsFyTtA/8YCYnRd7COr55RC0AMoBorOoKHfLeZSOpk9UxrBv9wg077PiJgmGoCEkG7uun0zbp3bxOtKdD+w=="
    }
  }
}
